
Microsoft Visual Studio Solution File, Format Version 12.00
# Visual Studio Version 17
VisualStudioVersion = 17.2.32526.322
MinimumVisualStudioVersion = 10.0.40219.1
Project("{9A19103F-16F7-4668-BE54-9A1E7A4F7556}") = "BuyEngine", "src\BuyEngine\BuyEngine.csproj", "{3A761C69-C004-4603-97BC-5BEE9AAB0CBE}"
EndProject
Project("{9A19103F-16F7-4668-BE54-9A1E7A4F7556}") = "BuyEngine.WebApi", "src\BuyEngine.WebApi\BuyEngine.WebApi.csproj", "{0567883C-44BA-42B4-BE1A-1DBF75CF01E3}"
EndProject
Project("{2150E333-8FDC-42A3-9474-1A3956D46DE8}") = "Tests", "Tests", "{E8ADF486-2011-4136-AF76-F1E380221205}"
EndProject
Project("{9A19103F-16F7-4668-BE54-9A1E7A4F7556}") = "BuyEngine.Tests.Unit", "tests\BuyEngine.Tests.Unit\BuyEngine.Tests.Unit.csproj", "{EB66D1DA-83B7-4AFC-835A-4C585E8DAFCC}"
EndProject
Project("{9A19103F-16F7-4668-BE54-9A1E7A4F7556}") = "BuyEngine.WebApi.Tests.Unit", "tests\BuyEngine.WebApi.Tests.Unit\BuyEngine.WebApi.Tests.Unit.csproj", "{6AF0D6FB-0680-4D69-8934-22B0FE0BF469}"
EndProject
Project("{2150E333-8FDC-42A3-9474-1A3956D46DE8}") = "Solution Items", "Solution Items", "{B27E1F40-4848-41F5-84EB-44E36C209746}"
	ProjectSection(SolutionItems) = preProject
		.editorconfig = .editorconfig
		readme.md = readme.md
	EndProjectSection
EndProject
Project("{9A19103F-16F7-4668-BE54-9A1E7A4F7556}") = "BuyEngine.Data.Sql", "src\BuyEngine.Data.Sql\BuyEngine.Data.Sql.csproj", "{4AECB027-38A0-47E8-999E-DA5B22D7BFB6}"
EndProject
Global
	GlobalSection(SolutionConfigurationPlatforms) = preSolution
		Debug|Any CPU = Debug|Any CPU
		Release|Any CPU = Release|Any CPU
	EndGlobalSection
	GlobalSection(ProjectConfigurationPlatforms) = postSolution
		{3A761C69-C004-4603-97BC-5BEE9AAB0CBE}.Debug|Any CPU.ActiveCfg = Debug|Any CPU
		{3A761C69-C004-4603-97BC-5BEE9AAB0CBE}.Debug|Any CPU.Build.0 = Debug|Any CPU
		{3A761C69-C004-4603-97BC-5BEE9AAB0CBE}.Release|Any CPU.ActiveCfg = Release|Any CPU
		{3A761C69-C004-4603-97BC-5BEE9AAB0CBE}.Release|Any CPU.Build.0 = Release|Any CPU
		{0567883C-44BA-42B4-BE1A-1DBF75CF01E3}.Debug|Any CPU.ActiveCfg = Debug|Any CPU
		{0567883C-44BA-42B4-BE1A-1DBF75CF01E3}.Debug|Any CPU.Build.0 = Debug|Any CPU
		{0567883C-44BA-42B4-BE1A-1DBF75CF01E3}.Release|Any CPU.ActiveCfg = Release|Any CPU
		{0567883C-44BA-42B4-BE1A-1DBF75CF01E3}.Release|Any CPU.Build.0 = Release|Any CPU
		{EB66D1DA-83B7-4AFC-835A-4C585E8DAFCC}.Debug|Any CPU.ActiveCfg = Debug|Any CPU
		{EB66D1DA-83B7-4AFC-835A-4C585E8DAFCC}.Debug|Any CPU.Build.0 = Debug|Any CPU
		{EB66D1DA-83B7-4AFC-835A-4C585E8DAFCC}.Release|Any CPU.ActiveCfg = Release|Any CPU
		{EB66D1DA-83B7-4AFC-835A-4C585E8DAFCC}.Release|Any CPU.Build.0 = Release|Any CPU
		{6AF0D6FB-0680-4D69-8934-22B0FE0BF469}.Debug|Any CPU.ActiveCfg = Debug|Any CPU
		{6AF0D6FB-0680-4D69-8934-22B0FE0BF469}.Debug|Any CPU.Build.0 = Debug|Any CPU
		{6AF0D6FB-0680-4D69-8934-22B0FE0BF469}.Release|Any CPU.ActiveCfg = Release|Any CPU
		{6AF0D6FB-0680-4D69-8934-22B0FE0BF469}.Release|Any CPU.Build.0 = Release|Any CPU
		{4AECB027-38A0-47E8-999E-DA5B22D7BFB6}.Debug|Any CPU.ActiveCfg = Debug|Any CPU
		{4AECB027-38A0-47E8-999E-DA5B22D7BFB6}.Debug|Any CPU.Build.0 = Debug|Any CPU
		{4AECB027-38A0-47E8-999E-DA5B22D7BFB6}.Release|Any CPU.ActiveCfg = Release|Any CPU
		{4AECB027-38A0-47E8-999E-DA5B22D7BFB6}.Release|Any CPU.Build.0 = Release|Any CPU
	EndGlobalSection
	GlobalSection(SolutionProperties) = preSolution
		HideSolutionNode = FALSE
	EndGlobalSection
	GlobalSection(NestedProjects) = preSolution
		{EB66D1DA-83B7-4AFC-835A-4C585E8DAFCC} = {E8ADF486-2011-4136-AF76-F1E380221205}
		{6AF0D6FB-0680-4D69-8934-22B0FE0BF469} = {E8ADF486-2011-4136-AF76-F1E380221205}
	EndGlobalSection
	GlobalSection(ExtensibilityGlobals) = postSolution
		SolutionGuid = {A2D17241-9611-4EC1-9D13-A68588A60E1F}
	EndGlobalSection
EndGlobal
